// !$*UTF8*$!
{
	archiveVersion = 1;
	classes = {
	};
	objectVersion = 55;
	objects = {

/* Begin PBXBuildFile section */
		49147A4B2A39F13E00580467 /* AppDelegate.swift in Sources */ = {isa = PBXBuildFile; fileRef = 49147A4A2A39F13E00580467 /* AppDelegate.swift */; };
		49147A4D2A39F13E00580467 /* SceneDelegate.swift in Sources */ = {isa = PBXBuildFile; fileRef = 49147A4C2A39F13E00580467 /* SceneDelegate.swift */; };
		49147A522A39F13E00580467 /* Main.storyboard in Resources */ = {isa = PBXBuildFile; fileRef = 49147A502A39F13E00580467 /* Main.storyboard */; };
		49147A542A39F14500580467 /* Assets.xcassets in Resources */ = {isa = PBXBuildFile; fileRef = 49147A532A39F14500580467 /* Assets.xcassets */; };
		49147A572A39F14500580467 /* LaunchScreen.storyboard in Resources */ = {isa = PBXBuildFile; fileRef = 49147A552A39F14500580467 /* LaunchScreen.storyboard */; };
		49147A5F2A39F23F00580467 /* TainanPlace.swift in Sources */ = {isa = PBXBuildFile; fileRef = 49147A5E2A39F23F00580467 /* TainanPlace.swift */; };
		49BEB86F2A3A122700D6F7F1 /* ViewController.swift in Sources */ = {isa = PBXBuildFile; fileRef = 49BEB86E2A3A122700D6F7F1 /* ViewController.swift */; };
		49BEB8732A3B5BBB00D6F7F1 /* TainanRestaurant.swift in Sources */ = {isa = PBXBuildFile; fileRef = 49BEB8722A3B5BBA00D6F7F1 /* TainanRestaurant.swift */; };
		49C08E452A39FF0E00859D46 /* TableViewController.swift in Sources */ = {isa = PBXBuildFile; fileRef = 49C08E442A39FF0E00859D46 /* TableViewController.swift */; };
		49C08E472A39FF6100859D46 /* TableViewCell.swift in Sources */ = {isa = PBXBuildFile; fileRef = 49C08E462A39FF6100859D46 /* TableViewCell.swift */; };
/* End PBXBuildFile section */

/* Begin PBXFileReference section */
		49147A472A39F13E00580467 /* hotelJsonTest.app */ = {isa = PBXFileReference; explicitFileType = wrapper.application; includeInIndex = 0; path = hotelJsonTest.app; sourceTree = BUILT_PRODUCTS_DIR; };
		49147A4A2A39F13E00580467 /* AppDelegate.swift */ = {isa = PBXFileReference; lastKnownFileType = sourcecode.swift; path = AppDelegate.swift; sourceTree = "<group>"; };
		49147A4C2A39F13E00580467 /* SceneDelegate.swift */ = {isa = PBXFileReference; lastKnownFileType = sourcecode.swift; path = SceneDelegate.swift; sourceTree = "<group>"; };
		49147A512A39F13E00580467 /* Base */ = {isa = PBXFileReference; lastKnownFileType = file.storyboard; name = Base; path = Base.lproj/Main.storyboard; sourceTree = "<group>"; };
		49147A532A39F14500580467 /* Assets.xcassets */ = {isa = PBXFileReference; lastKnownFileType = folder.assetcatalog; path = Assets.xcassets; sourceTree = "<group>"; };
		49147A562A39F14500580467 /* Base */ = {isa = PBXFileReference; lastKnownFileType = file.storyboard; name = Base; path = Base.lproj/LaunchScreen.storyboard; sourceTree = "<group>"; };
		49147A582A39F14500580467 /* Info.plist */ = {isa = PBXFileReference; lastKnownFileType = text.plist.xml; path = Info.plist; sourceTree = "<group>"; };
		49147A5E2A39F23F00580467 /* TainanPlace.swift */ = {isa = PBXFileReference; lastKnownFileType = sourcecode.swift; path = TainanPlace.swift; sourceTree = "<group>"; };
		49BEB86E2A3A122700D6F7F1 /* ViewController.swift */ = {isa = PBXFileReference; lastKnownFileType = sourcecode.swift; path = ViewController.swift; sourceTree = "<group>"; };
		49BEB8722A3B5BBA00D6F7F1 /* TainanRestaurant.swift */ = {isa = PBXFileReference; lastKnownFileType = sourcecode.swift; path = TainanRestaurant.swift; sourceTree = "<group>"; };
		49C08E442A39FF0E00859D46 /* TableViewController.swift */ = {isa = PBXFileReference; lastKnownFileType = sourcecode.swift; path = TableViewController.swift; sourceTree = "<group>"; };
		49C08E462A39FF6100859D46 /* TableViewCell.swift */ = {isa = PBXFileReference; lastKnownFileType = sourcecode.swift; path = TableViewCell.swift; sourceTree = "<group>"; };
/* End PBXFileReference section */

/* Begin PBXFrameworksBuildPhase section */
		49147A442A39F13E00580467 /* Frameworks */ = {
			isa = PBXFrameworksBuildPhase;
			buildActionMask = 2147483647;
			files = (
			);
			runOnlyForDeploymentPostprocessing = 0;
		};
/* End PBXFrameworksBuildPhase section */

/* Begin PBXGroup section */
		49147A3E2A39F13E00580467 = {
			isa = PBXGroup;
			children = (
				49147A492A39F13E00580467 /* hotelJsonTest */,
				49147A482A39F13E00580467 /* Products */,
			);
			sourceTree = "<group>";
		};
		49147A482A39F13E00580467 /* Products */ = {
			isa = PBXGroup;
			children = (
				49147A472A39F13E00580467 /* hotelJsonTest.app */,
			);
			name = Products;
			sourceTree = "<group>";
		};
		49147A492A39F13E00580467 /* hotelJsonTest */ = {
			isa = PBXGroup;
			children = (
				49147A4A2A39F13E00580467 /* AppDelegate.swift */,
				49147A4C2A39F13E00580467 /* SceneDelegate.swift */,
				49147A5E2A39F23F00580467 /* TainanPlace.swift */,
				49BEB8722A3B5BBA00D6F7F1 /* TainanRestaurant.swift */,
				49BEB86E2A3A122700D6F7F1 /* ViewController.swift */,
				49C08E442A39FF0E00859D46 /* TableViewController.swift */,
				49C08E462A39FF6100859D46 /* TableViewCell.swift */,
				49147A502A39F13E00580467 /* Main.storyboard */,
				49147A532A39F14500580467 /* Assets.xcassets */,
				49147A552A39F14500580467 /* LaunchScreen.storyboard */,
				49147A582A39F14500580467 /* Info.plist */,
			);
			path = hotelJsonTest;
			sourceTree = "<group>";
		};
/* End PBXGroup section */

/* Begin PBXNativeTarget section */
		49147A462A39F13E00580467 /* hotelJsonTest */ = {
			isa = PBXNativeTarget;
			buildConfigurationList = 49147A5B2A39F14500580467 /* Build configuration list for PBXNativeTarget "hotelJsonTest" */;
			buildPhases = (
				49147A432A39F13E00580467 /* Sources */,
				49147A442A39F13E00580467 /* Frameworks */,
				49147A452A39F13E00580467 /* Resources */,
			);
			buildRules = (
			);
			dependencies = (
			);
			name = hotelJsonTest;
			productName = hotelJsonTest;
			productReference = 49147A472A39F13E00580467 /* hotelJsonTest.app */;
			productType = "com.apple.product-type.application";
		};
/* End PBXNativeTarget section */

/* Begin PBXProject section */
		49147A3F2A39F13E00580467 /* Project object */ = {
			isa = PBXProject;
			attributes = {
				BuildIndependentTargetsInParallel = 1;
				LastSwiftUpdateCheck = 1340;
				LastUpgradeCheck = 1340;
				TargetAttributes = {
					49147A462A39F13E00580467 = {
						CreatedOnToolsVersion = 13.4.1;
					};
				};
			};
			buildConfigurationList = 49147A422A39F13E00580467 /* Build configuration list for PBXProject "hotelJsonTest" */;
			compatibilityVersion = "Xcode 13.0";
			developmentRegion = en;
			hasScannedForEncodings = 0;
			knownRegions = (
				en,
				Base,
			);
			mainGroup = 49147A3E2A39F13E00580467;
			productRefGroup = 49147A482A39F13E00580467 /* Products */;
			projectDirPath = "";
			projectRoot = "";
			targets = (
				49147A462A39F13E00580467 /* hotelJsonTest */,
			);
		};
/* End PBXProject section */

/* Begin PBXResourcesBuildPhase section */
		49147A452A39F13E00580467 /* Resources */ = {
			isa = PBXResourcesBuildPhase;
			buildActionMask = 2147483647;
			files = (
				49147A572A39F14500580467 /* LaunchScreen.storyboard in Resources */,
				49147A542A39F14500580467 /* Assets.xcassets in Resources */,
				49147A522A39F13E00580467 /* Main.storyboard in Resources */,
			);
			runOnlyForDeploymentPostprocessing = 0;
		};
/* End PBXResourcesBuildPhase section */

/* Begin PBXSourcesBuildPhase section */
		49147A432A39F13E00580467 /* Sources */ = {
			isa = PBXSourcesBuildPhase;
			buildActionMask = 2147483647;
			files = (
				49BEB86F2A3A122700D6F7F1 /* ViewController.swift in Sources */,
				49147A4B2A39F13E00580467 /* AppDelegate.swift in Sources */,
				49BEB8732A3B5BBB00D6F7F1 /* TainanRestaurant.swift in Sources */,
				49147A5F2A39F23F00580467 /* TainanPlace.swift in Sources */,
				49C08E472A39FF6100859D46 /* TableViewCell.swift in Sources */,
				49C08E452A39FF0E00859D46 /* TableViewController.swift in Sources */,
				49147A4D2A39F13E00580467 /* SceneDelegate.swift in Sources */,
			);
			runOnlyForDeploymentPostprocessing = 0;
		};
/* End PBXSourcesBuildPhase section */

/* Begin PBXVariantGroup section */
		49147A502A39F13E00580467 /* Main.storyboard */ = {
			isa = PBXVariantGroup;
			children = (
				49147A512A39F13E00580467 /* Base */,
			);
			name = Main.storyboard;
			sourceTree = "<group>";
		};
		49147A552A39F14500580467 /* LaunchScreen.storyboard */ = {
			isa = PBXVariantGroup;
			children = (
				49147A562A39F14500580467 /* Base */,
			);
			name = LaunchScreen.storyboard;
			sourceTree = "<group>";
		};
/* End PBXVariantGroup section */

/* Begin XCBuildConfiguration section */
		49147A592A39F14500580467 /* Debug */ = {
			isa = XCBuildConfiguration;
			buildSettings = {
				ALWAYS_SEARCH_USER_PATHS = NO;
				CLANG_ANALYZER_NONNULL = YES;
				CLANG_ANALYZER_NUMBER_OBJECT_CONVERSION = YES_AGGRESSIVE;
				CLANG_CXX_LANGUAGE_STANDARD = "gnu++17";
				CLANG_ENABLE_MODULES = YES;
				CLANG_ENABLE_OBJC_ARC = YES;
				CLANG_ENABLE_OBJC_WEAK = YES;
				CLANG_WARN_BLOCK_CAPTURE_AUTORELEASING = YES;
				CLANG_WARN_BOOL_CONVERSION = YES;
				CLANG_WARN_COMMA = YES;
				CLANG_WARN_CONSTANT_CONVERSION = YES;
				CLANG_WARN_DEPRECATED_OBJC_IMPLEMENTATIONS = YES;
				CLANG_WARN_DIRECT_OBJC_ISA_USAGE = YES_ERROR;
				CLANG_WARN_DOCUMENTATION_COMMENTS = YES;
				CLANG_WARN_EMPTY_BODY = YES;
				CLANG_WARN_ENUM_CONVERSION = YES;
				CLANG_WARN_INFINITE_RECURSION = YES;
				CLANG_WARN_INT_CONVERSION = YES;
				CLANG_WARN_NON_LITERAL_NULL_CONVERSION = YES;
				CLANG_WARN_OBJC_IMPLICIT_RETAIN_SELF = YES;
				CLANG_WARN_OBJC_LITERAL_CONVERSION = YES;
				CLANG_WARN_OBJC_ROOT_CLASS = YES_ERROR;
				CLANG_WARN_QUOTED_INCLUDE_IN_FRAMEWORK_HEADER = YES;
				CLANG_WARN_RANGE_LOOP_ANALYSIS = YES;
				CLANG_WARN_STRICT_PROTOTYPES = YES;
				CLANG_WARN_SUSPICIOUS_MOVE = YES;
				CLANG_WARN_UNGUARDED_AVAILABILITY = YES_AGGRESSIVE;
				CLANG_WARN_UNREACHABLE_CODE = YES;
				CLANG_WARN__DUPLICATE_METHOD_MATCH = YES;
				COPY_PHASE_STRIP = NO;
				DEBUG_INFORMATION_FORMAT = dwarf;
				ENABLE_STRICT_OBJC_MSGSEND = YES;
				ENABLE_TESTABILITY = YES;
				GCC_C_LANGUAGE_STANDARD = gnu11;
				GCC_DYNAMIC_NO_PIC = NO;
				GCC_NO_COMMON_BLOCKS = YES;
				GCC_OPTIMIZATION_LEVEL = 0;
				GCC_PREPROCESSOR_DEFINITIONS = (
					"DEBUG=1",
					"$(inherited)",
				);
				GCC_WARN_64_TO_32_BIT_CONVERSION = YES;
				GCC_WARN_ABOUT_RETURN_TYPE = YES_ERROR;
				GCC_WARN_UNDECLARED_SELECTOR = YES;
				GCC_WARN_UNINITIALIZED_AUTOS = YES_AGGRESSIVE;
				GCC_WARN_UNUSED_FUNCTION = YES;
				GCC_WARN_UNUSED_VARIABLE = YES;
				IPHONEOS_DEPLOYMENT_TARGET = 15.5;
				MTL_ENABLE_DEBUG_INFO = INCLUDE_SOURCE;
				MTL_FAST_MATH = YES;
				ONLY_ACTIVE_ARCH = YES;
				SDKROOT = iphoneos;
				SWIFT_ACTIVE_COMPILATION_CONDITIONS = DEBUG;
				SWIFT_OPTIMIZATION_LEVEL = "-Onone";
			};
			name = Debug;
		};
		49147A5A2A39F14500580467 /* Release */ = {
			isa = XCBuildConfiguration;
			buildSettings = {
				ALWAYS_SEARCH_USER_PATHS = NO;
				CLANG_ANALYZER_NONNULL = YES;
				CLANG_ANALYZER_NUMBER_OBJECT_CONVERSION = YES_AGGRESSIVE;
				CLANG_CXX_LANGUAGE_STANDARD = "gnu++17";
				CLANG_ENABLE_MODULES = YES;
				CLANG_ENABLE_OBJC_ARC = YES;
				CLANG_ENABLE_OBJC_WEAK = YES;
				CLANG_WARN_BLOCK_CAPTURE_AUTORELEASING = YES;
				CLANG_WARN_BOOL_CONVERSION = YES;
				CLANG_WARN_COMMA = YES;
				CLANG_WARN_CONSTANT_CONVERSION = YES;
				CLANG_WARN_DEPRECATED_OBJC_IMPLEMENTATIONS = YES;
				CLANG_WARN_DIRECT_OBJC_ISA_USAGE = YES_ERROR;
				CLANG_WARN_DOCUMENTATION_COMMENTS = YES;
				CLANG_WARN_EMPTY_BODY = YES;
				CLANG_WARN_ENUM_CONVERSION = YES;
				CLANG_WARN_INFINITE_RECURSION = YES;
				CLANG_WARN_INT_CONVERSION = YES;
				CLANG_WARN_NON_LITERAL_NULL_CONVERSION = YES;
				CLANG_WARN_OBJC_IMPLICIT_RETAIN_SELF = YES;
				CLANG_WARN_OBJC_LITERAL_CONVERSION = YES;
				CLANG_WARN_OBJC_ROOT_CLASS = YES_ERROR;
				CLANG_WARN_QUOTED_INCLUDE_IN_FRAMEWORK_HEADER = YES;
				CLANG_WARN_RANGE_LOOP_ANALYSIS = YES;
				CLANG_WARN_STRICT_PROTOTYPES = YES;
				CLANG_WARN_SUSPICIOUS_MOVE = YES;
				CLANG_WARN_UNGUARDED_AVAILABILITY = YES_AGGRESSIVE;
				CLANG_WARN_UNREACHABLE_CODE = YES;
				CLANG_WARN__DUPLICATE_METHOD_MATCH = YES;
				COPY_PHASE_STRIP = NO;
				DEBUG_INFORMATION_FORMAT = "dwarf-with-dsym";
				ENABLE_NS_ASSERTIONS = NO;
				ENABLE_STRICT_OBJC_MSGSEND = YES;
				GCC_C_LANGUAGE_STANDARD = gnu11;
				GCC_NO_COMMON_BLOCKS = YES;
				GCC_WARN_64_TO_32_BIT_CONVERSION = YES;
				GCC_WARN_ABOUT_RETURN_TYPE = YES_ERROR;
				GCC_WARN_UNDECLARED_SELECTOR = YES;
				GCC_WARN_UNINITIALIZED_AUTOS = YES_AGGRESSIVE;
				GCC_WARN_UNUSED_FUNCTION = YES;
				GCC_WARN_UNUSED_VARIABLE = YES;
				IPHONEOS_DEPLOYMENT_TARGET = 15.5;
				MTL_ENABLE_DEBUG_INFO = NO;
				MTL_FAST_MATH = YES;
				SDKROOT = iphoneos;
				SWIFT_COMPILATION_MODE = wholemodule;
				SWIFT_OPTIMIZATION_LEVEL = "-O";
				VALIDATE_PRODUCT = YES;
			};
			name = Release;
		};
		49147A5C2A39F14500580467 /* Debug */ = {
			isa = XCBuildConfiguration;
			buildSettings = {
				ASSETCATALOG_COMPILER_APPICON_NAME = AppIcon;
				ASSETCATALOG_COMPILER_GLOBAL_ACCENT_COLOR_NAME = AccentColor;
				CODE_SIGN_STYLE = Automatic;
				CURRENT_PROJECT_VERSION = 1;
				GENERATE_INFOPLIST_FILE = YES;
				INFOPLIST_FILE = hotelJsonTest/Info.plist;
				INFOPLIST_KEY_UIApplicationSupportsIndirectInputEvents = YES;
				INFOPLIST_KEY_UILaunchStoryboardName = LaunchScreen;
				INFOPLIST_KEY_UIMainStoryboardFile = Main;
				INFOPLIST_KEY_UISupportedInterfaceOrientations_iPad = "UIInterfaceOrientationPortrait UIInterfaceOrientationPortraitUpsideDown UIInterfaceOrientationLandscapeLeft UIInterfaceOrientationLandscapeRight";
				INFOPLIST_KEY_UISupportedInterfaceOrientations_iPhone = "UIInterfaceOrientationPortrait UIInterfaceOrientationLandscapeLeft UIInterfaceOrientationLandscapeRight";
				LD_RUNPATH_SEARCH_PATHS = (
					"$(inherited)",
					"@executable_path/Frameworks",
				);
				MARKETING_VERSION = 1.0;
				PRODUCT_BUNDLE_IDENTIFIER = sofyMar16.hotelJsonTest;
				PRODUCT_NAME = "$(TARGET_NAME)";
				SWIFT_EMIT_LOC_STRINGS = YES;
				SWIFT_VERSION = 5.0;
				TARGETED_DEVICE_FAMILY = "1,2";
			};
			name = Debug;
		};
		49147A5D2A39F14500580467 /* Release */ = {
			isa = XCBuildConfiguration;
			buildSettings = {
				ASSETCATALOG_COMPILER_APPICON_NAME = AppIcon;
				ASSETCATALOG_COMPILER_GLOBAL_ACCENT_COLOR_NAME = AccentColor;
				CODE_SIGN_STYLE = Automatic;
				CURRENT_PROJECT_VERSION = 1;
				GENERATE_INFOPLIST_FILE = YES;
				INFOPLIST_FILE = hotelJsonTest/Info.plist;
				INFOPLIST_KEY_UIApplicationSupportsIndirectInputEvents = YES;
				INFOPLIST_KEY_UILaunchStoryboardName = LaunchScreen;
				INFOPLIST_KEY_UIMainStoryboardFile = Main;
				INFOPLIST_KEY_UISupportedInterfaceOrientations_iPad = "UIInterfaceOrientationPortrait UIInterfaceOrientationPortraitUpsideDown UIInterfaceOrientationLandscapeLeft UIInterfaceOrientationLandscapeRight";
				INFOPLIST_KEY_UISupportedInterfaceOrientations_iPhone = "UIInterfaceOrientationPortrait UIInterfaceOrientationLandscapeLeft UIInterfaceOrientationLandscapeRight";
				LD_RUNPATH_SEARCH_PATHS = (
					"$(inherited)",
					"@executable_path/Frameworks",
				);
				MARKETING_VERSION = 1.0;
				PRODUCT_BUNDLE_IDENTIFIER = sofyMar16.hotelJsonTest;
				PRODUCT_NAME = "$(TARGET_NAME)";
				SWIFT_EMIT_LOC_STRINGS = YES;
				SWIFT_VERSION = 5.0;
				TARGETED_DEVICE_FAMILY = "1,2";
			};
			name = Release;
		};
/* End XCBuildConfiguration section */

/* Begin XCConfigurationList section */
		49147A422A39F13E00580467 /* Build configuration list for PBXProject "hotelJsonTest" */ = {
			isa = XCConfigurationList;
			buildConfigurations = (
				49147A592A39F14500580467 /* Debug */,
				49147A5A2A39F14500580467 /* Release */,
			);
			defaultConfigurationIsVisible = 0;
			defaultConfigurationName = Release;
		};
		49147A5B2A39F14500580467 /* Build configuration list for PBXNativeTarget "hotelJsonTest" */ = {
			isa = XCConfigurationList;
			buildConfigurations = (
				49147A5C2A39F14500580467 /* Debug */,
				49147A5D2A39F14500580467 /* Release */,
			);
			defaultConfigurationIsVisible = 0;
			defaultConfigurationName = Release;
		};
/* End XCConfigurationList section */
	};
	rootObject = 49147A3F2A39F13E00580467 /* Project object */;
}
